{
  "name": "shiny-bassoon",
  "lockfileVersion": 3,
  "requires": true,
  "packages": {
    "": {
      "name": "shiny-bassoon",
      "dependencies": {
        "react-scripts": "^5.0.1"
      }
    },
    "node_modules/react-scripts": {
      "version": "5.0.1",
      "resolved": "https://registry.npmjs.org/react-scripts/-/react-scripts-5.0.1.tgz",
      "integrity": "sha512-W7cVfdhbIvYrTjVaryO7WCpvzODu8V7JH/1O36RcfuzP3Cxjp5WpX5ycaoGt0LSQpntrem5jFSUoJrtvru1reA=="
    }
  }
}
